
Microsoft Visual Studio Solution File, Format Version 12.00
# Visual Studio Version 17
VisualStudioVersion = 17.14.36414.22 d17.14
MinimumVisualStudioVersion = 10.0.40219.1
Project("{FAE04EC0-301F-11D3-BF4B-00C04F79EFBC}") = "HybridDijkstraPotentialField", "HybridDijkstraPotentialField.csproj", "{DF6C2F66-785C-522A-D137-1FA8F640117E}"
EndProject
Global
	GlobalSection(SolutionConfigurationPlatforms) = preSolution
		Debug|Any CPU = Debug|Any CPU
		Release|Any CPU = Release|Any CPU
	EndGlobalSection
	GlobalSection(ProjectConfigurationPlatforms) = postSolution
		{DF6C2F66-785C-522A-D137-1FA8F640117E}.Debug|Any CPU.ActiveCfg = Debug|Any CPU
		{DF6C2F66-785C-522A-D137-1FA8F640117E}.Debug|Any CPU.Build.0 = Debug|Any CPU
		{DF6C2F66-785C-522A-D137-1FA8F640117E}.Release|Any CPU.ActiveCfg = Release|Any CPU
		{DF6C2F66-785C-522A-D137-1FA8F640117E}.Release|Any CPU.Build.0 = Release|Any CPU
	EndGlobalSection
	GlobalSection(SolutionProperties) = preSolution
		HideSolutionNode = FALSE
	EndGlobalSection
	GlobalSection(ExtensibilityGlobals) = postSolution
		SolutionGuid = {F8E6ADBC-41F3-4B27-9018-C056F03C66BA}
	EndGlobalSection
EndGlobal
